
Microsoft Visual Studio Solution File, Format Version 12.00
# Visual Studio Express 2013 for Windows Desktop
VisualStudioVersion = 12.0.31101.0
MinimumVisualStudioVersion = 10.0.40219.1
Project("{8BC9CEB8-8B4A-11D0-8D11-00A0C91BC942}") = "fpgaDevices", "fpgaDevices.vcxproj", "{DCF704BD-1A1D-4C94-8F37-7DEDA072A0AE}"
EndProject
Project("{8BC9CEB8-8B4A-11D0-8D11-00A0C91BC942}") = "trigger", "..\..\..\devices\FPGA\trigger\project\trigger.vcxproj", "{C46D4BA0-07E6-4133-8361-0AD4F8954B64}"
EndProject
Project("{8BC9CEB8-8B4A-11D0-8D11-00A0C91BC942}") = "stf_output", "..\..\..\devices\FPGA\stf_output\project\stf_output.vcxproj", "{2DD8FDB0-FF3B-4635-9708-56466CC4C3F9}"
EndProject
Global
	GlobalSection(SolutionConfigurationPlatforms) = preSolution
		Debug|Win32 = Debug|Win32
		Release|Win32 = Release|Win32
	EndGlobalSection
	GlobalSection(ProjectConfigurationPlatforms) = postSolution
		{DCF704BD-1A1D-4C94-8F37-7DEDA072A0AE}.Debug|Win32.ActiveCfg = Debug|Win32
		{DCF704BD-1A1D-4C94-8F37-7DEDA072A0AE}.Debug|Win32.Build.0 = Debug|Win32
		{DCF704BD-1A1D-4C94-8F37-7DEDA072A0AE}.Release|Win32.ActiveCfg = Release|Win32
		{DCF704BD-1A1D-4C94-8F37-7DEDA072A0AE}.Release|Win32.Build.0 = Release|Win32
		{C46D4BA0-07E6-4133-8361-0AD4F8954B64}.Debug|Win32.ActiveCfg = Debug|Win32
		{C46D4BA0-07E6-4133-8361-0AD4F8954B64}.Debug|Win32.Build.0 = Debug|Win32
		{C46D4BA0-07E6-4133-8361-0AD4F8954B64}.Release|Win32.ActiveCfg = Release|Win32
		{C46D4BA0-07E6-4133-8361-0AD4F8954B64}.Release|Win32.Build.0 = Release|Win32
		{2DD8FDB0-FF3B-4635-9708-56466CC4C3F9}.Debug|Win32.ActiveCfg = Debug|Win32
		{2DD8FDB0-FF3B-4635-9708-56466CC4C3F9}.Debug|Win32.Build.0 = Debug|Win32
		{2DD8FDB0-FF3B-4635-9708-56466CC4C3F9}.Release|Win32.ActiveCfg = Release|Win32
		{2DD8FDB0-FF3B-4635-9708-56466CC4C3F9}.Release|Win32.Build.0 = Release|Win32
	EndGlobalSection
	GlobalSection(SolutionProperties) = preSolution
		HideSolutionNode = FALSE
	EndGlobalSection
EndGlobal
